
Microsoft Visual Studio Solution File, Format Version 12.00
# Visual Studio Version 17
VisualStudioVersion = 17.4.33403.182
MinimumVisualStudioVersion = 10.0.40219.1
Project("{FAE04EC0-301F-11D3-BF4B-00C04F79EFBC}") = "financialManagementProject", "financialManagementProject\financialManagementProject.csproj", "{FE56DA11-956D-408B-8DB9-7A4E4301933A}"
EndProject
Global
	GlobalSection(SolutionConfigurationPlatforms) = preSolution
		Debug|Any CPU = Debug|Any CPU
		Release|Any CPU = Release|Any CPU
	EndGlobalSection
	GlobalSection(ProjectConfigurationPlatforms) = postSolution
		{FE56DA11-956D-408B-8DB9-7A4E4301933A}.Debug|Any CPU.ActiveCfg = Debug|Any CPU
		{FE56DA11-956D-408B-8DB9-7A4E4301933A}.Debug|Any CPU.Build.0 = Debug|Any CPU
		{FE56DA11-956D-408B-8DB9-7A4E4301933A}.Release|Any CPU.ActiveCfg = Release|Any CPU
		{FE56DA11-956D-408B-8DB9-7A4E4301933A}.Release|Any CPU.Build.0 = Release|Any CPU
	EndGlobalSection
	GlobalSection(SolutionProperties) = preSolution
		HideSolutionNode = FALSE
	EndGlobalSection
	GlobalSection(ExtensibilityGlobals) = postSolution
		SolutionGuid = {DE77349C-AF8C-4D9A-805C-9187E9F6155D}
	EndGlobalSection
EndGlobal
